
Microsoft Visual Studio Solution File, Format Version 12.00
# Visual Studio 14
VisualStudioVersion = 14.0.25420.1
MinimumVisualStudioVersion = 10.0.40219.1
Project("{FAE04EC0-301F-11D3-BF4B-00C04F79EFBC}") = "identity-demo-for46", "identity-demo-for46\identity-demo-for46.csproj", "{21FED21A-2A95-4802-BDA4-8CFC8C90D0D4}"
EndProject
Project("{2150E333-8FDC-42A3-9474-1A3956D46DE8}") = "Microsoft.AspNet.Identity", "Microsoft.AspNet.Identity", "{F22B6050-05E2-4DE0-A51B-05D3EBB22730}"
EndProject
Project("{FAE04EC0-301F-11D3-BF4B-00C04F79EFBC}") = "Microsoft.AspNet.Identity.Core", "Microsoft.AspNet.Identity\Microsoft.AspNet.Identity.Core\Microsoft.AspNet.Identity.Core.csproj", "{D2F24972-0F56-4C18-BD65-C26A320A0C68}"
EndProject
Project("{FAE04EC0-301F-11D3-BF4B-00C04F79EFBC}") = "Microsoft.AspNet.Identity.EntityFramework", "Microsoft.AspNet.Identity\Microsoft.AspNet.Identity.EntityFramework\Microsoft.AspNet.Identity.EntityFramework.csproj", "{D7298DAD-AB04-4502-9567-0461D0AD059E}"
EndProject
Project("{FAE04EC0-301F-11D3-BF4B-00C04F79EFBC}") = "Microsoft.AspNet.Identity.Owin", "Microsoft.AspNet.Identity\Microsoft.AspNet.Identity.Owin\Microsoft.AspNet.Identity.Owin.csproj", "{943170EB-F4E7-4A6D-989E-2CF6C681DD89}"
EndProject
Project("{2150E333-8FDC-42A3-9474-1A3956D46DE8}") = "Microsoft.AspNet.Identity.Test", "Microsoft.AspNet.Identity.Test", "{8F49A29D-6A5D-4DCB-B87B-4EBF58100B54}"
EndProject
Project("{FAE04EC0-301F-11D3-BF4B-00C04F79EFBC}") = "Identity.Test", "Microsoft.AspNet.Identity\Identity.Test\Identity.Test.csproj", "{A7082BDD-985B-47B9-915B-7FA4CF541B5E}"
EndProject
Project("{FAE04EC0-301F-11D3-BF4B-00C04F79EFBC}") = "Identity.Test.Tests", "Microsoft.AspNet.Identity\Identity.Test.Tests\Identity.Test.Tests.csproj", "{EBFAE1CD-7284-4676-8F9D-09BACEBA8E99}"
EndProject
Project("{2150E333-8FDC-42A3-9474-1A3956D46DE8}") = "Demo", "Demo", "{2A114F33-CC0A-4DFF-AC16-BE0022FDB24E}"
EndProject
Project("{FAE04EC0-301F-11D3-BF4B-00C04F79EFBC}") = "identity-demo-for46-v2", "identity-demo-for46-v2\identity-demo-for46-v2.csproj", "{7CC0F502-E165-4B30-A388-0D59AF09C7A6}"
EndProject
Global
	GlobalSection(SolutionConfigurationPlatforms) = preSolution
		Debug|Any CPU = Debug|Any CPU
		Release|Any CPU = Release|Any CPU
	EndGlobalSection
	GlobalSection(ProjectConfigurationPlatforms) = postSolution
		{21FED21A-2A95-4802-BDA4-8CFC8C90D0D4}.Debug|Any CPU.ActiveCfg = Debug|Any CPU
		{21FED21A-2A95-4802-BDA4-8CFC8C90D0D4}.Debug|Any CPU.Build.0 = Debug|Any CPU
		{21FED21A-2A95-4802-BDA4-8CFC8C90D0D4}.Release|Any CPU.ActiveCfg = Release|Any CPU
		{21FED21A-2A95-4802-BDA4-8CFC8C90D0D4}.Release|Any CPU.Build.0 = Release|Any CPU
		{D2F24972-0F56-4C18-BD65-C26A320A0C68}.Debug|Any CPU.ActiveCfg = Debug|Any CPU
		{D2F24972-0F56-4C18-BD65-C26A320A0C68}.Debug|Any CPU.Build.0 = Debug|Any CPU
		{D2F24972-0F56-4C18-BD65-C26A320A0C68}.Release|Any CPU.ActiveCfg = Release|Any CPU
		{D2F24972-0F56-4C18-BD65-C26A320A0C68}.Release|Any CPU.Build.0 = Release|Any CPU
		{D7298DAD-AB04-4502-9567-0461D0AD059E}.Debug|Any CPU.ActiveCfg = Debug|Any CPU
		{D7298DAD-AB04-4502-9567-0461D0AD059E}.Debug|Any CPU.Build.0 = Debug|Any CPU
		{D7298DAD-AB04-4502-9567-0461D0AD059E}.Release|Any CPU.ActiveCfg = Release|Any CPU
		{D7298DAD-AB04-4502-9567-0461D0AD059E}.Release|Any CPU.Build.0 = Release|Any CPU
		{943170EB-F4E7-4A6D-989E-2CF6C681DD89}.Debug|Any CPU.ActiveCfg = Debug|Any CPU
		{943170EB-F4E7-4A6D-989E-2CF6C681DD89}.Debug|Any CPU.Build.0 = Debug|Any CPU
		{943170EB-F4E7-4A6D-989E-2CF6C681DD89}.Release|Any CPU.ActiveCfg = Release|Any CPU
		{943170EB-F4E7-4A6D-989E-2CF6C681DD89}.Release|Any CPU.Build.0 = Release|Any CPU
		{A7082BDD-985B-47B9-915B-7FA4CF541B5E}.Debug|Any CPU.ActiveCfg = Debug|Any CPU
		{A7082BDD-985B-47B9-915B-7FA4CF541B5E}.Debug|Any CPU.Build.0 = Debug|Any CPU
		{A7082BDD-985B-47B9-915B-7FA4CF541B5E}.Release|Any CPU.ActiveCfg = Release|Any CPU
		{A7082BDD-985B-47B9-915B-7FA4CF541B5E}.Release|Any CPU.Build.0 = Release|Any CPU
		{EBFAE1CD-7284-4676-8F9D-09BACEBA8E99}.Debug|Any CPU.ActiveCfg = Debug|Any CPU
		{EBFAE1CD-7284-4676-8F9D-09BACEBA8E99}.Debug|Any CPU.Build.0 = Debug|Any CPU
		{EBFAE1CD-7284-4676-8F9D-09BACEBA8E99}.Release|Any CPU.ActiveCfg = Release|Any CPU
		{EBFAE1CD-7284-4676-8F9D-09BACEBA8E99}.Release|Any CPU.Build.0 = Release|Any CPU
		{7CC0F502-E165-4B30-A388-0D59AF09C7A6}.Debug|Any CPU.ActiveCfg = Debug|Any CPU
		{7CC0F502-E165-4B30-A388-0D59AF09C7A6}.Debug|Any CPU.Build.0 = Debug|Any CPU
		{7CC0F502-E165-4B30-A388-0D59AF09C7A6}.Release|Any CPU.ActiveCfg = Release|Any CPU
		{7CC0F502-E165-4B30-A388-0D59AF09C7A6}.Release|Any CPU.Build.0 = Release|Any CPU
	EndGlobalSection
	GlobalSection(SolutionProperties) = preSolution
		HideSolutionNode = FALSE
	EndGlobalSection
	GlobalSection(NestedProjects) = preSolution
		{21FED21A-2A95-4802-BDA4-8CFC8C90D0D4} = {2A114F33-CC0A-4DFF-AC16-BE0022FDB24E}
		{D2F24972-0F56-4C18-BD65-C26A320A0C68} = {F22B6050-05E2-4DE0-A51B-05D3EBB22730}
		{D7298DAD-AB04-4502-9567-0461D0AD059E} = {F22B6050-05E2-4DE0-A51B-05D3EBB22730}
		{943170EB-F4E7-4A6D-989E-2CF6C681DD89} = {F22B6050-05E2-4DE0-A51B-05D3EBB22730}
		{A7082BDD-985B-47B9-915B-7FA4CF541B5E} = {8F49A29D-6A5D-4DCB-B87B-4EBF58100B54}
		{EBFAE1CD-7284-4676-8F9D-09BACEBA8E99} = {2A114F33-CC0A-4DFF-AC16-BE0022FDB24E}
		{7CC0F502-E165-4B30-A388-0D59AF09C7A6} = {2A114F33-CC0A-4DFF-AC16-BE0022FDB24E}
	EndGlobalSection
EndGlobal
